
Microsoft Visual Studio Solution File, Format Version 12.00
# Visual Studio Version 16
VisualStudioVersion = 16.0.31613.86
MinimumVisualStudioVersion = 10.0.40219.1
Project("{9A19103F-16F7-4668-BE54-9A1E7A4F7556}") = "Nini", "Nini.csproj", "{F63EA8D1-4172-404F-B8A3-8419936F5236}"
EndProject
Global
	GlobalSection(SolutionConfigurationPlatforms) = preSolution
		Debug|Any CPU = Debug|Any CPU
		Release|Any CPU = Release|Any CPU
	EndGlobalSection
	GlobalSection(ProjectConfigurationPlatforms) = postSolution
		{F63EA8D1-4172-404F-B8A3-8419936F5236}.Debug|Any CPU.ActiveCfg = Debug|Any CPU
		{F63EA8D1-4172-404F-B8A3-8419936F5236}.Debug|Any CPU.Build.0 = Debug|Any CPU
		{F63EA8D1-4172-404F-B8A3-8419936F5236}.Release|Any CPU.ActiveCfg = Release|Any CPU
		{F63EA8D1-4172-404F-B8A3-8419936F5236}.Release|Any CPU.Build.0 = Release|Any CPU
	EndGlobalSection
	GlobalSection(SolutionProperties) = preSolution
		HideSolutionNode = FALSE
	EndGlobalSection
	GlobalSection(ExtensibilityGlobals) = postSolution
		SolutionGuid = {9A9F0331-42A4-4107-AA92-23CE40A76F33}
	EndGlobalSection
EndGlobal
